// !$*UTF8*$!
{
	archiveVersion = 1;
	classes = {
	};
	objectVersion = 55;
	objects = {

/* Begin PBXBuildFile section */
		046A66C82763EF1500D78A99 /* CompetitionModel.xcdatamodeld in Sources */ = {isa = PBXBuildFile; fileRef = 046A66C62763EF1500D78A99 /* CompetitionModel.xcdatamodeld */; };
		046A66D32763F1FC00D78A99 /* CompetitionModel+CoreDataClass.swift in Sources */ = {isa = PBXBuildFile; fileRef = 046A66D12763F1FC00D78A99 /* CompetitionModel+CoreDataClass.swift */; };
		046A66D42763F1FC00D78A99 /* CompetitionModel+CoreDataProperties.swift in Sources */ = {isa = PBXBuildFile; fileRef = 046A66D22763F1FC00D78A99 /* CompetitionModel+CoreDataProperties.swift */; };
		046A66D82763F50500D78A99 /* LeagueModel+CoreDataClass.swift in Sources */ = {isa = PBXBuildFile; fileRef = 046A66D62763F50500D78A99 /* LeagueModel+CoreDataClass.swift */; };
		046A66D92763F50500D78A99 /* LeagueModel+CoreDataProperties.swift in Sources */ = {isa = PBXBuildFile; fileRef = 046A66D72763F50500D78A99 /* LeagueModel+CoreDataProperties.swift */; };
		046A66DC2763F98800D78A99 /* DetailsViewController.swift in Sources */ = {isa = PBXBuildFile; fileRef = 046A66DB2763F98800D78A99 /* DetailsViewController.swift */; };
		046A66E42763FBA000D78A99 /* Competition+extension.swift in Sources */ = {isa = PBXBuildFile; fileRef = 046A66E32763FBA000D78A99 /* Competition+extension.swift */; };
		046A66E62763FCF600D78A99 /* League+extension.swift in Sources */ = {isa = PBXBuildFile; fileRef = 046A66E52763FCF600D78A99 /* League+extension.swift */; };
		047508492762AA9700927241 /* AppDelegate.swift in Sources */ = {isa = PBXBuildFile; fileRef = 047508482762AA9700927241 /* AppDelegate.swift */; };
		0475084B2762AA9700927241 /* SceneDelegate.swift in Sources */ = {isa = PBXBuildFile; fileRef = 0475084A2762AA9700927241 /* SceneDelegate.swift */; };
		0475084D2762AA9700927241 /* CompetitionsViewController.swift in Sources */ = {isa = PBXBuildFile; fileRef = 0475084C2762AA9700927241 /* CompetitionsViewController.swift */; };
		047508502762AA9700927241 /* Main.storyboard in Resources */ = {isa = PBXBuildFile; fileRef = 0475084E2762AA9700927241 /* Main.storyboard */; };
		047508522762AA9B00927241 /* Assets.xcassets in Resources */ = {isa = PBXBuildFile; fileRef = 047508512762AA9B00927241 /* Assets.xcassets */; };
		047508552762AA9B00927241 /* LaunchScreen.storyboard in Resources */ = {isa = PBXBuildFile; fileRef = 047508532762AA9B00927241 /* LaunchScreen.storyboard */; };
		0475085D2762AE8500927241 /* CustomCollectionViewCell.swift in Sources */ = {isa = PBXBuildFile; fileRef = 0475085C2762AE8500927241 /* CustomCollectionViewCell.swift */; };
		0475085F2762BF9600927241 /* LeagueViewController.swift in Sources */ = {isa = PBXBuildFile; fileRef = 0475085E2762BF9600927241 /* LeagueViewController.swift */; };
		047508612762C6A100927241 /* LeagueCollectionViewCell.swift in Sources */ = {isa = PBXBuildFile; fileRef = 047508602762C6A100927241 /* LeagueCollectionViewCell.swift */; };
		047508692762D33400927241 /* NetworkService.swift in Sources */ = {isa = PBXBuildFile; fileRef = 047508682762D33400927241 /* NetworkService.swift */; };
		0475086B2762D34100927241 /* AppError.swift in Sources */ = {isa = PBXBuildFile; fileRef = 0475086A2762D34100927241 /* AppError.swift */; };
		0475086D2762D34C00927241 /* Method.swift in Sources */ = {isa = PBXBuildFile; fileRef = 0475086C2762D34C00927241 /* Method.swift */; };
		0475086F2762D35C00927241 /* Route.swift in Sources */ = {isa = PBXBuildFile; fileRef = 0475086E2762D35C00927241 /* Route.swift */; };
		047508732762D3B500927241 /* String+extension.swift in Sources */ = {isa = PBXBuildFile; fileRef = 047508722762D3B500927241 /* String+extension.swift */; };
		047508752762D46900927241 /* PremierModel.swift in Sources */ = {isa = PBXBuildFile; fileRef = 047508742762D46900927241 /* PremierModel.swift */; };
		047508772762D9F800927241 /* LeagueViewModel.swift in Sources */ = {isa = PBXBuildFile; fileRef = 047508762762D9F800927241 /* LeagueViewModel.swift */; };
		047508792762EF3600927241 /* AllCompetition.swift in Sources */ = {isa = PBXBuildFile; fileRef = 047508782762EF3600927241 /* AllCompetition.swift */; };
		E94396F44D9B31353A1E8DCC /* Pods_R_JCodingChallenge.framework in Frameworks */ = {isa = PBXBuildFile; fileRef = 329A3E3D2A0D981BBF03901D /* Pods_R_JCodingChallenge.framework */; };
/* End PBXBuildFile section */

/* Begin PBXFileReference section */
		046A66C72763EF1500D78A99 /* CompetitionModel.xcdatamodel */ = {isa = PBXFileReference; lastKnownFileType = wrapper.xcdatamodel; path = CompetitionModel.xcdatamodel; sourceTree = "<group>"; };
		046A66D12763F1FC00D78A99 /* CompetitionModel+CoreDataClass.swift */ = {isa = PBXFileReference; lastKnownFileType = sourcecode.swift; path = "CompetitionModel+CoreDataClass.swift"; sourceTree = "<group>"; };
		046A66D22763F1FC00D78A99 /* CompetitionModel+CoreDataProperties.swift */ = {isa = PBXFileReference; lastKnownFileType = sourcecode.swift; path = "CompetitionModel+CoreDataProperties.swift"; sourceTree = "<group>"; };
		046A66D62763F50500D78A99 /* LeagueModel+CoreDataClass.swift */ = {isa = PBXFileReference; lastKnownFileType = sourcecode.swift; name = "LeagueModel+CoreDataClass.swift"; path = "R&JCodingChallenge/LeagueCoreData/LeagueModel+CoreDataClass.swift"; sourceTree = SOURCE_ROOT; };
		046A66D72763F50500D78A99 /* LeagueModel+CoreDataProperties.swift */ = {isa = PBXFileReference; lastKnownFileType = sourcecode.swift; name = "LeagueModel+CoreDataProperties.swift"; path = "R&JCodingChallenge/LeagueCoreData/LeagueModel+CoreDataProperties.swift"; sourceTree = SOURCE_ROOT; };
		046A66DB2763F98800D78A99 /* DetailsViewController.swift */ = {isa = PBXFileReference; lastKnownFileType = sourcecode.swift; path = DetailsViewController.swift; sourceTree = "<group>"; };
		046A66E32763FBA000D78A99 /* Competition+extension.swift */ = {isa = PBXFileReference; lastKnownFileType = sourcecode.swift; path = "Competition+extension.swift"; sourceTree = "<group>"; };
		046A66E52763FCF600D78A99 /* League+extension.swift */ = {isa = PBXFileReference; lastKnownFileType = sourcecode.swift; path = "League+extension.swift"; sourceTree = "<group>"; };
		047508452762AA9700927241 /* R&JCodingChallenge.app */ = {isa = PBXFileReference; explicitFileType = wrapper.application; includeInIndex = 0; path = "R&JCodingChallenge.app"; sourceTree = BUILT_PRODUCTS_DIR; };
		047508482762AA9700927241 /* AppDelegate.swift */ = {isa = PBXFileReference; lastKnownFileType = sourcecode.swift; path = AppDelegate.swift; sourceTree = "<group>"; };
		0475084A2762AA9700927241 /* SceneDelegate.swift */ = {isa = PBXFileReference; lastKnownFileType = sourcecode.swift; path = SceneDelegate.swift; sourceTree = "<group>"; };
		0475084C2762AA9700927241 /* CompetitionsViewController.swift */ = {isa = PBXFileReference; lastKnownFileType = sourcecode.swift; path = CompetitionsViewController.swift; sourceTree = "<group>"; };
		0475084F2762AA9700927241 /* Base */ = {isa = PBXFileReference; lastKnownFileType = file.storyboard; name = Base; path = Base.lproj/Main.storyboard; sourceTree = "<group>"; };
		047508512762AA9B00927241 /* Assets.xcassets */ = {isa = PBXFileReference; lastKnownFileType = folder.assetcatalog; path = Assets.xcassets; sourceTree = "<group>"; };
		047508542762AA9B00927241 /* Base */ = {isa = PBXFileReference; lastKnownFileType = file.storyboard; name = Base; path = Base.lproj/LaunchScreen.storyboard; sourceTree = "<group>"; };
		047508562762AA9B00927241 /* Info.plist */ = {isa = PBXFileReference; lastKnownFileType = text.plist.xml; path = Info.plist; sourceTree = "<group>"; };
		0475085C2762AE8500927241 /* CustomCollectionViewCell.swift */ = {isa = PBXFileReference; lastKnownFileType = sourcecode.swift; path = CustomCollectionViewCell.swift; sourceTree = "<group>"; };
		0475085E2762BF9600927241 /* LeagueViewController.swift */ = {isa = PBXFileReference; lastKnownFileType = sourcecode.swift; path = LeagueViewController.swift; sourceTree = "<group>"; };
		047508602762C6A100927241 /* LeagueCollectionViewCell.swift */ = {isa = PBXFileReference; lastKnownFileType = sourcecode.swift; path = LeagueCollectionViewCell.swift; sourceTree = "<group>"; };
		047508682762D33400927241 /* NetworkService.swift */ = {isa = PBXFileReference; lastKnownFileType = sourcecode.swift; path = NetworkService.swift; sourceTree = "<group>"; };
		0475086A2762D34100927241 /* AppError.swift */ = {isa = PBXFileReference; lastKnownFileType = sourcecode.swift; path = AppError.swift; sourceTree = "<group>"; };
		0475086C2762D34C00927241 /* Method.swift */ = {isa = PBXFileReference; lastKnownFileType = sourcecode.swift; path = Method.swift; sourceTree = "<group>"; };
		0475086E2762D35C00927241 /* Route.swift */ = {isa = PBXFileReference; lastKnownFileType = sourcecode.swift; path = Route.swift; sourceTree = "<group>"; };
		047508722762D3B500927241 /* String+extension.swift */ = {isa = PBXFileReference; lastKnownFileType = sourcecode.swift; path = "String+extension.swift"; sourceTree = "<group>"; };
		047508742762D46900927241 /* PremierModel.swift */ = {isa = PBXFileReference; lastKnownFileType = sourcecode.swift; path = PremierModel.swift; sourceTree = "<group>"; };
		047508762762D9F800927241 /* LeagueViewModel.swift */ = {isa = PBXFileReference; lastKnownFileType = sourcecode.swift; path = LeagueViewModel.swift; sourceTree = "<group>"; };
		047508782762EF3600927241 /* AllCompetition.swift */ = {isa = PBXFileReference; lastKnownFileType = sourcecode.swift; path = AllCompetition.swift; sourceTree = "<group>"; };
		329A3E3D2A0D981BBF03901D /* Pods_R_JCodingChallenge.framework */ = {isa = PBXFileReference; explicitFileType = wrapper.framework; includeInIndex = 0; path = Pods_R_JCodingChallenge.framework; sourceTree = BUILT_PRODUCTS_DIR; };
		86AB3B733A8345374F451205 /* Pods-R&JCodingChallenge.release.xcconfig */ = {isa = PBXFileReference; includeInIndex = 1; lastKnownFileType = text.xcconfig; name = "Pods-R&JCodingChallenge.release.xcconfig"; path = "Target Support Files/Pods-R&JCodingChallenge/Pods-R&JCodingChallenge.release.xcconfig"; sourceTree = "<group>"; };
		EF24DEBB0BD054175D77F152 /* Pods-R&JCodingChallenge.debug.xcconfig */ = {isa = PBXFileReference; includeInIndex = 1; lastKnownFileType = text.xcconfig; name = "Pods-R&JCodingChallenge.debug.xcconfig"; path = "Target Support Files/Pods-R&JCodingChallenge/Pods-R&JCodingChallenge.debug.xcconfig"; sourceTree = "<group>"; };
/* End PBXFileReference section */

/* Begin PBXFrameworksBuildPhase section */
		047508422762AA9700927241 /* Frameworks */ = {
			isa = PBXFrameworksBuildPhase;
			buildActionMask = 2147483647;
			files = (
				E94396F44D9B31353A1E8DCC /* Pods_R_JCodingChallenge.framework in Frameworks */,
			);
			runOnlyForDeploymentPostprocessing = 0;
		};
/* End PBXFrameworksBuildPhase section */

/* Begin PBXGroup section */
		046A66D52763F20E00D78A99 /* CompetitionCoreData */ = {
			isa = PBXGroup;
			children = (
				046A66D12763F1FC00D78A99 /* CompetitionModel+CoreDataClass.swift */,
				046A66D22763F1FC00D78A99 /* CompetitionModel+CoreDataProperties.swift */,
			);
			path = CompetitionCoreData;
			sourceTree = "<group>";
		};
		046A66DA2763F51400D78A99 /* LeagueCoreData */ = {
			isa = PBXGroup;
			children = (
				046A66D72763F50500D78A99 /* LeagueModel+CoreDataProperties.swift */,
				046A66D62763F50500D78A99 /* LeagueModel+CoreDataClass.swift */,
			);
			path = LeagueCoreData;
			sourceTree = "<group>";
		};
		046A66DD2763FA7C00D78A99 /* Model */ = {
			isa = PBXGroup;
			children = (
				047508782762EF3600927241 /* AllCompetition.swift */,
				047508742762D46900927241 /* PremierModel.swift */,
			);
			path = Model;
			sourceTree = "<group>";
		};
		046A66DE2763FA8400D78A99 /* ViewModel */ = {
			isa = PBXGroup;
			children = (
				047508762762D9F800927241 /* LeagueViewModel.swift */,
			);
			path = ViewModel;
			sourceTree = "<group>";
		};
		046A66DF2763FA8F00D78A99 /* Views */ = {
			isa = PBXGroup;
			children = (
				046A66E12763FB4A00D78A99 /* Cell */,
				0475084C2762AA9700927241 /* CompetitionsViewController.swift */,
				0475085E2762BF9600927241 /* LeagueViewController.swift */,
				046A66DB2763F98800D78A99 /* DetailsViewController.swift */,
				046A66E32763FBA000D78A99 /* Competition+extension.swift */,
				046A66E52763FCF600D78A99 /* League+extension.swift */,
			);
			path = Views;
			sourceTree = "<group>";
		};
		046A66E02763FAC900D78A99 /* Utitlies */ = {
			isa = PBXGroup;
			children = (
				047508682762D33400927241 /* NetworkService.swift */,
				0475086A2762D34100927241 /* AppError.swift */,
				0475086C2762D34C00927241 /* Method.swift */,
				0475086E2762D35C00927241 /* Route.swift */,
				047508722762D3B500927241 /* String+extension.swift */,
			);
			path = Utitlies;
			sourceTree = "<group>";
		};
		046A66E12763FB4A00D78A99 /* Cell */ = {
			isa = PBXGroup;
			children = (
				047508602762C6A100927241 /* LeagueCollectionViewCell.swift */,
				0475085C2762AE8500927241 /* CustomCollectionViewCell.swift */,
			);
			path = Cell;
			sourceTree = "<group>";
		};
		046A66E22763FB5A00D78A99 /* Delegates */ = {
			isa = PBXGroup;
			children = (
				0475084A2762AA9700927241 /* SceneDelegate.swift */,
				047508482762AA9700927241 /* AppDelegate.swift */,
			);
			path = Delegates;
			sourceTree = "<group>";
		};
		0475083C2762AA9700927241 = {
			isa = PBXGroup;
			children = (
				047508472762AA9700927241 /* R&JCodingChallenge */,
				047508462762AA9700927241 /* Products */,
				4613C20705804EBD7AA94425 /* Pods */,
				62D8DC83E608309448937EE8 /* Frameworks */,
			);
			sourceTree = "<group>";
		};
		047508462762AA9700927241 /* Products */ = {
			isa = PBXGroup;
			children = (
				047508452762AA9700927241 /* R&JCodingChallenge.app */,
			);
			name = Products;
			sourceTree = "<group>";
		};
		047508472762AA9700927241 /* R&JCodingChallenge */ = {
			isa = PBXGroup;
			children = (
				046A66E22763FB5A00D78A99 /* Delegates */,
				046A66E02763FAC900D78A99 /* Utitlies */,
				046A66DF2763FA8F00D78A99 /* Views */,
				046A66DE2763FA8400D78A99 /* ViewModel */,
				046A66DD2763FA7C00D78A99 /* Model */,
				0475084E2762AA9700927241 /* Main.storyboard */,
				047508512762AA9B00927241 /* Assets.xcassets */,
				047508532762AA9B00927241 /* LaunchScreen.storyboard */,
				047508562762AA9B00927241 /* Info.plist */,
				046A66DA2763F51400D78A99 /* LeagueCoreData */,
				046A66D52763F20E00D78A99 /* CompetitionCoreData */,
				046A66C62763EF1500D78A99 /* CompetitionModel.xcdatamodeld */,
			);
			path = "R&JCodingChallenge";
			sourceTree = "<group>";
		};
		4613C20705804EBD7AA94425 /* Pods */ = {
			isa = PBXGroup;
			children = (
				EF24DEBB0BD054175D77F152 /* Pods-R&JCodingChallenge.debug.xcconfig */,
				86AB3B733A8345374F451205 /* Pods-R&JCodingChallenge.release.xcconfig */,
			);
			path = Pods;
			sourceTree = "<group>";
		};
		62D8DC83E608309448937EE8 /* Frameworks */ = {
			isa = PBXGroup;
			children = (
				329A3E3D2A0D981BBF03901D /* Pods_R_JCodingChallenge.framework */,
			);
			name = Frameworks;
			sourceTree = "<group>";
		};
/* End PBXGroup section */

/* Begin PBXNativeTarget section */
		047508442762AA9700927241 /* R&JCodingChallenge */ = {
			isa = PBXNativeTarget;
			buildConfigurationList = 047508592762AA9B00927241 /* Build configuration list for PBXNativeTarget "R&JCodingChallenge" */;
			buildPhases = (
				4F2831ADF55412AC3C2AAE58 /* [CP] Check Pods Manifest.lock */,
				047508412762AA9700927241 /* Sources */,
				047508422762AA9700927241 /* Frameworks */,
				047508432762AA9700927241 /* Resources */,
				FB2D96D6D98EC79025EE4331 /* [CP] Embed Pods Frameworks */,
			);
			buildRules = (
			);
			dependencies = (
			);
			name = "R&JCodingChallenge";
			productName = "R&JCodingChallenge";
			productReference = 047508452762AA9700927241 /* R&JCodingChallenge.app */;
			productType = "com.apple.product-type.application";
		};
/* End PBXNativeTarget section */

/* Begin PBXProject section */
		0475083D2762AA9700927241 /* Project object */ = {
			isa = PBXProject;
			attributes = {
				BuildIndependentTargetsInParallel = 1;
				LastSwiftUpdateCheck = 1310;
				LastUpgradeCheck = 1310;
				TargetAttributes = {
					047508442762AA9700927241 = {
						CreatedOnToolsVersion = 13.1;
					};
				};
			};
			buildConfigurationList = 047508402762AA9700927241 /* Build configuration list for PBXProject "R&JCodingChallenge" */;
			compatibilityVersion = "Xcode 13.0";
			developmentRegion = en;
			hasScannedForEncodings = 0;
			knownRegions = (
				en,
				Base,
			);
			mainGroup = 0475083C2762AA9700927241;
			productRefGroup = 047508462762AA9700927241 /* Products */;
			projectDirPath = "";
			projectRoot = "";
			targets = (
				047508442762AA9700927241 /* R&JCodingChallenge */,
			);
		};
/* End PBXProject section */

/* Begin PBXResourcesBuildPhase section */
		047508432762AA9700927241 /* Resources */ = {
			isa = PBXResourcesBuildPhase;
			buildActionMask = 2147483647;
			files = (
				047508552762AA9B00927241 /* LaunchScreen.storyboard in Resources */,
				047508522762AA9B00927241 /* Assets.xcassets in Resources */,
				047508502762AA9700927241 /* Main.storyboard in Resources */,
			);
			runOnlyForDeploymentPostprocessing = 0;
		};
/* End PBXResourcesBuildPhase section */

/* Begin PBXShellScriptBuildPhase section */
		4F2831ADF55412AC3C2AAE58 /* [CP] Check Pods Manifest.lock */ = {
			isa = PBXShellScriptBuildPhase;
			buildActionMask = 2147483647;
			files = (
			);
			inputFileListPaths = (
			);
			inputPaths = (
				"${PODS_PODFILE_DIR_PATH}/Podfile.lock",
				"${PODS_ROOT}/Manifest.lock",
			);
			name = "[CP] Check Pods Manifest.lock";
			outputFileListPaths = (
			);
			outputPaths = (
				"$(DERIVED_FILE_DIR)/Pods-R&JCodingChallenge-checkManifestLockResult.txt",
			);
			runOnlyForDeploymentPostprocessing = 0;
			shellPath = /bin/sh;
			shellScript = "diff \"${PODS_PODFILE_DIR_PATH}/Podfile.lock\" \"${PODS_ROOT}/Manifest.lock\" > /dev/null\nif [ $? != 0 ] ; then\n    # print error to STDERR\n    echo \"error: The sandbox is not in sync with the Podfile.lock. Run 'pod install' or update your CocoaPods installation.\" >&2\n    exit 1\nfi\n# This output is used by Xcode 'outputs' to avoid re-running this script phase.\necho \"SUCCESS\" > \"${SCRIPT_OUTPUT_FILE_0}\"\n";
			showEnvVarsInLog = 0;
		};
		FB2D96D6D98EC79025EE4331 /* [CP] Embed Pods Frameworks */ = {
			isa = PBXShellScriptBuildPhase;
			buildActionMask = 2147483647;
			files = (
			);
			inputFileListPaths = (
				"${PODS_ROOT}/Target Support Files/Pods-R&JCodingChallenge/Pods-R&JCodingChallenge-frameworks-${CONFIGURATION}-input-files.xcfilelist",
			);
			name = "[CP] Embed Pods Frameworks";
			outputFileListPaths = (
				"${PODS_ROOT}/Target Support Files/Pods-R&JCodingChallenge/Pods-R&JCodingChallenge-frameworks-${CONFIGURATION}-output-files.xcfilelist",
			);
			runOnlyForDeploymentPostprocessing = 0;
			shellPath = /bin/sh;
			shellScript = "\"${PODS_ROOT}/Target Support Files/Pods-R&JCodingChallenge/Pods-R&JCodingChallenge-frameworks.sh\"\n";
			showEnvVarsInLog = 0;
		};
/* End PBXShellScriptBuildPhase section */

/* Begin PBXSourcesBuildPhase section */
		047508412762AA9700927241 /* Sources */ = {
			isa = PBXSourcesBuildPhase;
			buildActionMask = 2147483647;
			files = (
				046A66E62763FCF600D78A99 /* League+extension.swift in Sources */,
				0475084D2762AA9700927241 /* CompetitionsViewController.swift in Sources */,
				047508612762C6A100927241 /* LeagueCollectionViewCell.swift in Sources */,
				047508492762AA9700927241 /* AppDelegate.swift in Sources */,
				0475086F2762D35C00927241 /* Route.swift in Sources */,
				047508772762D9F800927241 /* LeagueViewModel.swift in Sources */,
				0475084B2762AA9700927241 /* SceneDelegate.swift in Sources */,
				046A66C82763EF1500D78A99 /* CompetitionModel.xcdatamodeld in Sources */,
				047508732762D3B500927241 /* String+extension.swift in Sources */,
				0475086B2762D34100927241 /* AppError.swift in Sources */,
				046A66D42763F1FC00D78A99 /* CompetitionModel+CoreDataProperties.swift in Sources */,
				0475085F2762BF9600927241 /* LeagueViewController.swift in Sources */,
				047508792762EF3600927241 /* AllCompetition.swift in Sources */,
				0475085D2762AE8500927241 /* CustomCollectionViewCell.swift in Sources */,
				046A66D92763F50500D78A99 /* LeagueModel+CoreDataProperties.swift in Sources */,
				047508692762D33400927241 /* NetworkService.swift in Sources */,
				046A66D82763F50500D78A99 /* LeagueModel+CoreDataClass.swift in Sources */,
				046A66E42763FBA000D78A99 /* Competition+extension.swift in Sources */,
				047508752762D46900927241 /* PremierModel.swift in Sources */,
				0475086D2762D34C00927241 /* Method.swift in Sources */,
				046A66D32763F1FC00D78A99 /* CompetitionModel+CoreDataClass.swift in Sources */,
				046A66DC2763F98800D78A99 /* DetailsViewController.swift in Sources */,
			);
			runOnlyForDeploymentPostprocessing = 0;
		};
/* End PBXSourcesBuildPhase section */

/* Begin PBXVariantGroup section */
		0475084E2762AA9700927241 /* Main.storyboard */ = {
			isa = PBXVariantGroup;
			children = (
				0475084F2762AA9700927241 /* Base */,
			);
			name = Main.storyboard;
			sourceTree = "<group>";
		};
		047508532762AA9B00927241 /* LaunchScreen.storyboard */ = {
			isa = PBXVariantGroup;
			children = (
				047508542762AA9B00927241 /* Base */,
			);
			name = LaunchScreen.storyboard;
			sourceTree = "<group>";
		};
/* End PBXVariantGroup section */

/* Begin XCBuildConfiguration section */
		047508572762AA9B00927241 /* Debug */ = {
			isa = XCBuildConfiguration;
			buildSettings = {
				ALWAYS_SEARCH_USER_PATHS = NO;
				CLANG_ANALYZER_NONNULL = YES;
				CLANG_ANALYZER_NUMBER_OBJECT_CONVERSION = YES_AGGRESSIVE;
				CLANG_CXX_LANGUAGE_STANDARD = "gnu++17";
				CLANG_CXX_LIBRARY = "libc++";
				CLANG_ENABLE_MODULES = YES;
				CLANG_ENABLE_OBJC_ARC = YES;
				CLANG_ENABLE_OBJC_WEAK = YES;
				CLANG_WARN_BLOCK_CAPTURE_AUTORELEASING = YES;
				CLANG_WARN_BOOL_CONVERSION = YES;
				CLANG_WARN_COMMA = YES;
				CLANG_WARN_CONSTANT_CONVERSION = YES;
				CLANG_WARN_DEPRECATED_OBJC_IMPLEMENTATIONS = YES;
				CLANG_WARN_DIRECT_OBJC_ISA_USAGE = YES_ERROR;
				CLANG_WARN_DOCUMENTATION_COMMENTS = YES;
				CLANG_WARN_EMPTY_BODY = YES;
				CLANG_WARN_ENUM_CONVERSION = YES;
				CLANG_WARN_INFINITE_RECURSION = YES;
				CLANG_WARN_INT_CONVERSION = YES;
				CLANG_WARN_NON_LITERAL_NULL_CONVERSION = YES;
				CLANG_WARN_OBJC_IMPLICIT_RETAIN_SELF = YES;
				CLANG_WARN_OBJC_LITERAL_CONVERSION = YES;
				CLANG_WARN_OBJC_ROOT_CLASS = YES_ERROR;
				CLANG_WARN_QUOTED_INCLUDE_IN_FRAMEWORK_HEADER = YES;
				CLANG_WARN_RANGE_LOOP_ANALYSIS = YES;
				CLANG_WARN_STRICT_PROTOTYPES = YES;
				CLANG_WARN_SUSPICIOUS_MOVE = YES;
				CLANG_WARN_UNGUARDED_AVAILABILITY = YES_AGGRESSIVE;
				CLANG_WARN_UNREACHABLE_CODE = YES;
				CLANG_WARN__DUPLICATE_METHOD_MATCH = YES;
				COPY_PHASE_STRIP = NO;
				DEBUG_INFORMATION_FORMAT = dwarf;
				ENABLE_STRICT_OBJC_MSGSEND = YES;
				ENABLE_TESTABILITY = YES;
				GCC_C_LANGUAGE_STANDARD = gnu11;
				GCC_DYNAMIC_NO_PIC = NO;
				GCC_NO_COMMON_BLOCKS = YES;
				GCC_OPTIMIZATION_LEVEL = 0;
				GCC_PREPROCESSOR_DEFINITIONS = (
					"DEBUG=1",
					"$(inherited)",
				);
				GCC_WARN_64_TO_32_BIT_CONVERSION = YES;
				GCC_WARN_ABOUT_RETURN_TYPE = YES_ERROR;
				GCC_WARN_UNDECLARED_SELECTOR = YES;
				GCC_WARN_UNINITIALIZED_AUTOS = YES_AGGRESSIVE;
				GCC_WARN_UNUSED_FUNCTION = YES;
				GCC_WARN_UNUSED_VARIABLE = YES;
				IPHONEOS_DEPLOYMENT_TARGET = 15.0;
				MTL_ENABLE_DEBUG_INFO = INCLUDE_SOURCE;
				MTL_FAST_MATH = YES;
				ONLY_ACTIVE_ARCH = YES;
				SDKROOT = iphoneos;
				SWIFT_ACTIVE_COMPILATION_CONDITIONS = DEBUG;
				SWIFT_OPTIMIZATION_LEVEL = "-Onone";
			};
			name = Debug;
		};
		047508582762AA9B00927241 /* Release */ = {
			isa = XCBuildConfiguration;
			buildSettings = {
				ALWAYS_SEARCH_USER_PATHS = NO;
				CLANG_ANALYZER_NONNULL = YES;
				CLANG_ANALYZER_NUMBER_OBJECT_CONVERSION = YES_AGGRESSIVE;
				CLANG_CXX_LANGUAGE_STANDARD = "gnu++17";
				CLANG_CXX_LIBRARY = "libc++";
				CLANG_ENABLE_MODULES = YES;
				CLANG_ENABLE_OBJC_ARC = YES;
				CLANG_ENABLE_OBJC_WEAK = YES;
				CLANG_WARN_BLOCK_CAPTURE_AUTORELEASING = YES;
				CLANG_WARN_BOOL_CONVERSION = YES;
				CLANG_WARN_COMMA = YES;
				CLANG_WARN_CONSTANT_CONVERSION = YES;
				CLANG_WARN_DEPRECATED_OBJC_IMPLEMENTATIONS = YES;
				CLANG_WARN_DIRECT_OBJC_ISA_USAGE = YES_ERROR;
				CLANG_WARN_DOCUMENTATION_COMMENTS = YES;
				CLANG_WARN_EMPTY_BODY = YES;
				CLANG_WARN_ENUM_CONVERSION = YES;
				CLANG_WARN_INFINITE_RECURSION = YES;
				CLANG_WARN_INT_CONVERSION = YES;
				CLANG_WARN_NON_LITERAL_NULL_CONVERSION = YES;
				CLANG_WARN_OBJC_IMPLICIT_RETAIN_SELF = YES;
				CLANG_WARN_OBJC_LITERAL_CONVERSION = YES;
				CLANG_WARN_OBJC_ROOT_CLASS = YES_ERROR;
				CLANG_WARN_QUOTED_INCLUDE_IN_FRAMEWORK_HEADER = YES;
				CLANG_WARN_RANGE_LOOP_ANALYSIS = YES;
				CLANG_WARN_STRICT_PROTOTYPES = YES;
				CLANG_WARN_SUSPICIOUS_MOVE = YES;
				CLANG_WARN_UNGUARDED_AVAILABILITY = YES_AGGRESSIVE;
				CLANG_WARN_UNREACHABLE_CODE = YES;
				CLANG_WARN__DUPLICATE_METHOD_MATCH = YES;
				COPY_PHASE_STRIP = NO;
				DEBUG_INFORMATION_FORMAT = "dwarf-with-dsym";
				ENABLE_NS_ASSERTIONS = NO;
				ENABLE_STRICT_OBJC_MSGSEND = YES;
				GCC_C_LANGUAGE_STANDARD = gnu11;
				GCC_NO_COMMON_BLOCKS = YES;
				GCC_WARN_64_TO_32_BIT_CONVERSION = YES;
				GCC_WARN_ABOUT_RETURN_TYPE = YES_ERROR;
				GCC_WARN_UNDECLARED_SELECTOR = YES;
				GCC_WARN_UNINITIALIZED_AUTOS = YES_AGGRESSIVE;
				GCC_WARN_UNUSED_FUNCTION = YES;
				GCC_WARN_UNUSED_VARIABLE = YES;
				IPHONEOS_DEPLOYMENT_TARGET = 15.0;
				MTL_ENABLE_DEBUG_INFO = NO;
				MTL_FAST_MATH = YES;
				SDKROOT = iphoneos;
				SWIFT_COMPILATION_MODE = wholemodule;
				SWIFT_OPTIMIZATION_LEVEL = "-O";
				VALIDATE_PRODUCT = YES;
			};
			name = Release;
		};
		0475085A2762AA9B00927241 /* Debug */ = {
			isa = XCBuildConfiguration;
			baseConfigurationReference = EF24DEBB0BD054175D77F152 /* Pods-R&JCodingChallenge.debug.xcconfig */;
			buildSettings = {
				ASSETCATALOG_COMPILER_APPICON_NAME = AppIcon;
				ASSETCATALOG_COMPILER_GLOBAL_ACCENT_COLOR_NAME = AccentColor;
				CODE_SIGN_STYLE = Automatic;
				CURRENT_PROJECT_VERSION = 1;
				GENERATE_INFOPLIST_FILE = YES;
				INFOPLIST_FILE = "R&JCodingChallenge/Info.plist";
				INFOPLIST_KEY_UIApplicationSupportsIndirectInputEvents = YES;
				INFOPLIST_KEY_UILaunchStoryboardName = LaunchScreen;
				INFOPLIST_KEY_UIMainStoryboardFile = Main;
				INFOPLIST_KEY_UISupportedInterfaceOrientations = UIInterfaceOrientationPortrait;
				INFOPLIST_KEY_UISupportedInterfaceOrientations_iPad = "UIInterfaceOrientationPortrait UIInterfaceOrientationPortraitUpsideDown UIInterfaceOrientationLandscapeLeft UIInterfaceOrientationLandscapeRight";
				INFOPLIST_KEY_UISupportedInterfaceOrientations_iPhone = "UIInterfaceOrientationPortrait UIInterfaceOrientationLandscapeLeft UIInterfaceOrientationLandscapeRight";
				LD_RUNPATH_SEARCH_PATHS = (
					"$(inherited)",
					"@executable_path/Frameworks",
				);
				MARKETING_VERSION = 1.0;
				PRODUCT_BUNDLE_IDENTIFIER = "com.waris.R-JCodingChallenge";
				PRODUCT_NAME = "$(TARGET_NAME)";
				SWIFT_EMIT_LOC_STRINGS = YES;
				SWIFT_VERSION = 5.0;
				TARGETED_DEVICE_FAMILY = "1,2";
			};
			name = Debug;
		};
		0475085B2762AA9B00927241 /* Release */ = {
			isa = XCBuildConfiguration;
			baseConfigurationReference = 86AB3B733A8345374F451205 /* Pods-R&JCodingChallenge.release.xcconfig */;
			buildSettings = {
				ASSETCATALOG_COMPILER_APPICON_NAME = AppIcon;
				ASSETCATALOG_COMPILER_GLOBAL_ACCENT_COLOR_NAME = AccentColor;
				CODE_SIGN_STYLE = Automatic;
				CURRENT_PROJECT_VERSION = 1;
				GENERATE_INFOPLIST_FILE = YES;
				INFOPLIST_FILE = "R&JCodingChallenge/Info.plist";
				INFOPLIST_KEY_UIApplicationSupportsIndirectInputEvents = YES;
				INFOPLIST_KEY_UILaunchStoryboardName = LaunchScreen;
				INFOPLIST_KEY_UIMainStoryboardFile = Main;
				INFOPLIST_KEY_UISupportedInterfaceOrientations = UIInterfaceOrientationPortrait;
				INFOPLIST_KEY_UISupportedInterfaceOrientations_iPad = "UIInterfaceOrientationPortrait UIInterfaceOrientationPortraitUpsideDown UIInterfaceOrientationLandscapeLeft UIInterfaceOrientationLandscapeRight";
				INFOPLIST_KEY_UISupportedInterfaceOrientations_iPhone = "UIInterfaceOrientationPortrait UIInterfaceOrientationLandscapeLeft UIInterfaceOrientationLandscapeRight";
				LD_RUNPATH_SEARCH_PATHS = (
					"$(inherited)",
					"@executable_path/Frameworks",
				);
				MARKETING_VERSION = 1.0;
				PRODUCT_BUNDLE_IDENTIFIER = "com.waris.R-JCodingChallenge";
				PRODUCT_NAME = "$(TARGET_NAME)";
				SWIFT_EMIT_LOC_STRINGS = YES;
				SWIFT_VERSION = 5.0;
				TARGETED_DEVICE_FAMILY = "1,2";
			};
			name = Release;
		};
/* End XCBuildConfiguration section */

/* Begin XCConfigurationList section */
		047508402762AA9700927241 /* Build configuration list for PBXProject "R&JCodingChallenge" */ = {
			isa = XCConfigurationList;
			buildConfigurations = (
				047508572762AA9B00927241 /* Debug */,
				047508582762AA9B00927241 /* Release */,
			);
			defaultConfigurationIsVisible = 0;
			defaultConfigurationName = Release;
		};
		047508592762AA9B00927241 /* Build configuration list for PBXNativeTarget "R&JCodingChallenge" */ = {
			isa = XCConfigurationList;
			buildConfigurations = (
				0475085A2762AA9B00927241 /* Debug */,
				0475085B2762AA9B00927241 /* Release */,
			);
			defaultConfigurationIsVisible = 0;
			defaultConfigurationName = Release;
		};
/* End XCConfigurationList section */

/* Begin XCVersionGroup section */
		046A66C62763EF1500D78A99 /* CompetitionModel.xcdatamodeld */ = {
			isa = XCVersionGroup;
			children = (
				046A66C72763EF1500D78A99 /* CompetitionModel.xcdatamodel */,
			);
			currentVersion = 046A66C72763EF1500D78A99 /* CompetitionModel.xcdatamodel */;
			path = CompetitionModel.xcdatamodeld;
			sourceTree = "<group>";
			versionGroupType = wrapper.xcdatamodel;
		};
/* End XCVersionGroup section */
	};
	rootObject = 0475083D2762AA9700927241 /* Project object */;
}
